{
  "version": "2",
  "remote": {
    "https://cdn.esm.sh/v77/@grammyjs/types@2.7.0/api.d.ts": "8198d0f61fe0c0b35d824e10405d0b8a1d842b2e5339ef5dd6027e7b521c3047",
    "https://cdn.esm.sh/v77/@grammyjs/types@2.7.0/deno/types.js": "6a29d2cd299bce7190f033b17dbf40ad73ad55cbd5dc0666d514b37a4add7f1c",
    "https://cdn.esm.sh/v77/@grammyjs/types@2.7.0/index.d.ts": "1c60004dec6270d9badd5ed195dbd6d4ddd00fa701acfeea922ed9f4861576a4",
    "https://cdn.esm.sh/v77/@grammyjs/types@2.7.0/inline.d.ts": "304d7efc6bc30c2579b2bed4c7150c514c8fc841c40570c19d3c136f6d289b88",
    "https://cdn.esm.sh/v77/@grammyjs/types@2.7.0/manage.d.ts": "528d60d573cfdfb1714b8b3439431e2c66ab322c7600ce1cc42c1a26fa401414",
    "https://cdn.esm.sh/v77/@grammyjs/types@2.7.0/markup.d.ts": "57c02f21d1a417d4f65bd6b4b212682ed354ba7ce8e764ed3c43f7ba16dd8dad",
    "https://cdn.esm.sh/v77/@grammyjs/types@2.7.0/menu-button.d.ts": "096e03dadaf3af415c48c14cb91380769df01dcccbb0931575bf5f15a5df5cd7",
    "https://cdn.esm.sh/v77/@grammyjs/types@2.7.0/message.d.ts": "aa39de4934982de406c338bc2be8e15a8bc6f7bd1c32a7041a8892ea3f00dab9",
    "https://cdn.esm.sh/v77/@grammyjs/types@2.7.0/passport.d.ts": "5e32417894fbbc16b6a6592c0f9b69483fe4ee4206553164bb5d12b0a09b2548",
    "https://cdn.esm.sh/v77/@grammyjs/types@2.7.0/payment.d.ts": "163170c512d0f7bdd56dc6eb021c172fffcddb8e2742318e6f3973a27962e2d0",
    "https://cdn.esm.sh/v77/@grammyjs/types@2.7.0/proxied.d.ts": "8b68ac9a232128184740766a268365b3ed2907f7420894d5ce952a0a2a4800bf",
    "https://cdn.esm.sh/v77/@grammyjs/types@2.7.0/update.d.ts": "3e800baa6e71b2260447dff725e014599f23203352e780dc46bb16394fe07904",
    "https://cdn.skypack.dev/-/debug@v4.3.4-o4liVvMlOnQWbLSYZMXw/dist=es2019,mode=imports/optimized/debug.js": "671100993996e39b501301a87000607916d4d2d9f8fc8e9c5200ae5ba64a1389",
    "https://cdn.skypack.dev/-/ms@v2.1.2-giBDZ1IA5lmQ3ZXaa87V/dist=es2019,mode=imports/optimized/ms.js": "fd88e2d51900437011f1ad232f3393ce97db1b87a7844b3c58dd6d65562c1276",
    "https://cdn.skypack.dev/debug@4.3.4": "7b1d010cc930f71b940ba5941da055bc181115229e29de7214bdb4425c68ea76",
    "https://deno.land/std@0.127.0/_util/assert.ts": "6396c1bd0361c4939e7f32f9b03efffcd04b640a1b206ed67058553d6cb59cc4",
    "https://deno.land/std@0.127.0/bytes/equals.ts": "6f38a72d4a75a1232fe984e5fb362b962c2e9bec6385f4ca13252e1ca53dba00",
    "https://deno.land/std@0.127.0/bytes/mod.ts": "ed5c42feb746c3709d186787346004f97301dc076b33434653e451efd8efcf6a",
    "https://deno.land/std@0.127.0/uuid/_common.ts": "702485d369a9506c24b865dea5447ba6639f1ad1b07630a634671771386c7d82",
    "https://deno.land/std@0.127.0/uuid/mod.ts": "ed55bea50831ba81b5d7e4cea6799ede2337d9c39d5b07dacb25a230d4ada4a5",
    "https://deno.land/std@0.127.0/uuid/v1.ts": "f088844c9a7c4d42271a85a1a6894f3808603ff63226a63e67103b6baedb12d1",
    "https://deno.land/std@0.127.0/uuid/v4.ts": "7641c838b37b8d1578be7de8f28205974a2f6c7a4557881c8ba86733621dd0cc",
    "https://deno.land/std@0.127.0/uuid/v5.ts": "d7a632087bf937b27e8ec291496406b097f14b829857609b51b7be1bff1d0384",
    "https://deno.land/std@0.135.0/_util/assert.ts": "e94f2eb37cebd7f199952e242c77654e43333c1ac4c5c700e929ea3aa5489f74",
    "https://deno.land/std@0.135.0/_util/os.ts": "49b92edea1e82ba295ec946de8ffd956ed123e2948d9bd1d3e901b04e4307617",
    "https://deno.land/std@0.135.0/async/deferred.ts": "bc18e28108252c9f67dfca2bbc4587c3cbf3aeb6e155f8c864ca8ecff992b98a",
    "https://deno.land/std@0.135.0/bytes/bytes_list.ts": "67eb118e0b7891d2f389dad4add35856f4ad5faab46318ff99653456c23b025d",
    "https://deno.land/std@0.135.0/bytes/equals.ts": "a60ef9f01fb6e06a4e0343fc44d53d39d12dd66bc3f09ac8e6eb9cc1a6335e48",
    "https://deno.land/std@0.135.0/bytes/mod.ts": "4cef6fe8f0de217b9babbcbb0a566402b667f18a8e6d094a45e5fb3fc1afff70",
    "https://deno.land/std@0.135.0/io/buffer.ts": "bd0c4bf53db4b4be916ca5963e454bddfd3fcd45039041ea161dbf826817822b",
    "https://deno.land/std@0.135.0/io/types.d.ts": "01f60ae7ec02675b5dbed150d258fc184a78dfe5c209ef53ba4422b46b58822c",
    "https://deno.land/std@0.135.0/path/_constants.ts": "df1db3ffa6dd6d1252cc9617e5d72165cd2483df90e93833e13580687b6083c3",
    "https://deno.land/std@0.135.0/path/_interface.ts": "ee3b431a336b80cf445441109d089b70d87d5e248f4f90ff906820889ecf8d09",
    "https://deno.land/std@0.135.0/path/_util.ts": "c1e9686d0164e29f7d880b2158971d805b6e0efc3110d0b3e24e4b8af2190d2b",
    "https://deno.land/std@0.135.0/path/common.ts": "bee563630abd2d97f99d83c96c2fa0cca7cee103e8cb4e7699ec4d5db7bd2633",
    "https://deno.land/std@0.135.0/path/glob.ts": "cb5255638de1048973c3e69e420c77dc04f75755524cb3b2e160fe9277d939ee",
    "https://deno.land/std@0.135.0/path/mod.ts": "4275129bb766f0e475ecc5246aa35689eeade419d72a48355203f31802640be7",
    "https://deno.land/std@0.135.0/path/posix.ts": "293cdaec3ecccec0a9cc2b534302dfe308adb6f10861fa183275d6695faace44",
    "https://deno.land/std@0.135.0/path/separator.ts": "fe1816cb765a8068afb3e8f13ad272351c85cbc739af56dacfc7d93d710fe0f9",
    "https://deno.land/std@0.135.0/path/win32.ts": "31811536855e19ba37a999cd8d1b62078235548d67902ece4aa6b814596dd757",
    "https://deno.land/std@0.135.0/streams/buffer.ts": "ee47194022d47fa23d4749b8afbadc83c237c4595467a9bddb322af0dd205815",
    "https://deno.land/std@0.135.0/streams/conversion.ts": "712585bfa0172a97fb68dd46e784ae8ad59d11b88079d6a4ab098ff42e697d21",
    "https://deno.land/std@0.135.0/streams/delimiter.ts": "75595345f14eb268d2f5edfd20600c9956f61499a36697baabef8043897bc50b",
    "https://deno.land/std@0.135.0/streams/merge.ts": "89faf7dcda7e010f1e01dfc555d609c66d9fb2c834b7aa457a63cc70a25c3817",
    "https://deno.land/std@0.135.0/streams/mod.ts": "5f47811c2e983518cc0c82f323924b6a9bb1f5bf948cd6d498ff6aed77ada51c",
    "https://deno.land/std@0.135.0/uuid/_common.ts": "76e1fdfb03aecf733f7b3a5edc900f5734f2433b359fdb1535f8de72873bdb3f",
    "https://deno.land/std@0.135.0/uuid/mod.ts": "6c7355646b799bfada15cce67d346abfebb5625a406cfd00dc4416e92d121df9",
    "https://deno.land/std@0.135.0/uuid/v1.ts": "7123410ef9ce980a4f2e54a586ccde5ed7063f6f119a70d86eebd92f8e100295",
    "https://deno.land/std@0.135.0/uuid/v4.ts": "1f16be927bcca5cafb2408f3b2f205c2a4e54c58f56775770e2d3d20dfb21f70",
    "https://deno.land/std@0.135.0/uuid/v5.ts": "1cf2d86112afe0d5d291fbfc3b9729f3cf8524c4eb7d613011d029e45d6194f6",
    "https://deno.land/x/dotenv@v3.2.0/load.ts": "cbd76a0aee01aad8d09222afaa1dd04b84d9d3e44637503b01bf77a91df9e041",
    "https://deno.land/x/dotenv@v3.2.0/mod.ts": "077b48773de9205266a0b44c3c3a3c3083449ed64bb0b6cc461b95720678d38e",
    "https://deno.land/x/dotenv@v3.2.0/util.ts": "693730877b13f8ead2b79b2aa31e2a0652862f7dc0c5f6d2f313f4d39c7b7670",
    "https://deno.land/x/grammy@v1.8.0/bot.ts": "430a6dddeb0b6e016e5f46d5422f77415601960de461d1b8c8bc1db61fe1d635",
    "https://deno.land/x/grammy@v1.8.0/composer.ts": "6a70b043b58fe509b0607b2e1a2b9e721327645b94c350c278e50417bc3731b9",
    "https://deno.land/x/grammy@v1.8.0/context.ts": "3ca15397e5aaf3f98a0b90a18e6618f735f412e93b01728175e186f7b63084f4",
    "https://deno.land/x/grammy@v1.8.0/convenience/frameworks.deno.ts": "aa4e1df1dd5c610e900ff3779f0b320e6e688cd067900f71c000c34138ff023c",
    "https://deno.land/x/grammy@v1.8.0/convenience/keyboard.ts": "f7a123f84a728ce3d0dd4a6cf4e918c7660695aedccc3d5570cba8d0c3cc5332",
    "https://deno.land/x/grammy@v1.8.0/convenience/session.ts": "e44b538eb8cffacf68c75d158c2a504c9077560bd0ff385430161385173ac1df",
    "https://deno.land/x/grammy@v1.8.0/convenience/webhook.ts": "deef004922d1ce5523f665e99a651b52f9f5e5fca2a4054b90e13bc1047204d5",
    "https://deno.land/x/grammy@v1.8.0/core/api.ts": "7cb78ffe6edafc9f0303ba66841a0e231e6f6ace0b184ac2cf39f289afe3432d",
    "https://deno.land/x/grammy@v1.8.0/core/client.ts": "23c91b01f8ce4ac3b6d2c4aaa48781df9c54d04b13c89a8f9b71ff1c26bd08c1",
    "https://deno.land/x/grammy@v1.8.0/core/error.ts": "7d610d12a2e4055ec11b5d167dd3bf3c3580049f2defe54951745d33643f2474",
    "https://deno.land/x/grammy@v1.8.0/core/payload.ts": "294a570a432090bc8cd0cda9a6eb07682831967d2a0562d913467afff4d0b419",
    "https://deno.land/x/grammy@v1.8.0/filter.ts": "e3f3dd59e44765c5f67e03d863ba8abfea730717b2cc5b122737874ed45aa8da",
    "https://deno.land/x/grammy@v1.8.0/mod.ts": "31d8dc2b34a990c05199348245c4ef441277627e3661be8c448bf92502021a33",
    "https://deno.land/x/grammy@v1.8.0/platform.deno.ts": "3822c9dfdeb3a30460f677cbc4a81b8d23decfe2eaf8ec7b5f72709bf84ae243",
    "https://deno.land/x/grammy_router@v1.1.1/deps.deno.ts": "12b056b8e32ab68536958f7299627e2ad8b4b82d7e0fa8bbef9d494446695e25",
    "https://deno.land/x/grammy_router@v1.1.1/router.ts": "0dedca43b27b323742351bd3971124756df9c0da91769628e3e19c48152acacf",
    "https://deno.land/x/pairis@v0.1.0-a+1/mod.ts": "27420b57947f9f68c286158b39686b3bad921dcb5de90bf0bf0123e2577787c5",
    "https://deno.land/x/pairis@v0.1.0-a+1/src/Model.ts": "3905399ad98f74e31fd4f2f2670c40842f59c67244e1f64353c8fb9330bb5898",
    "https://deno.land/x/pairis@v0.1.0-a+1/src/decorators.ts": "1bedfee08cd3df9564220e351de906771740657214c3155d7cc3a78568d18dca",
    "https://deno.land/x/pairis@v0.1.0-a+1/src/getProperty.ts": "c9a920f328bc5702bfcc29083fb63d2f8543e16604ad4d6c38d6048cec16eb1a",
    "https://deno.land/x/pairis@v0.1.0-a+1/src/setProperty.ts": "e77b22cad73863b49e1c5b61c3b14169a4a087d3b93d77fd0ddcc1cec26855b4",
    "https://deno.land/x/pairis@v0.1.0-a+1/src/storage.ts": "2908b56658375d5d9d29a9116cc0340ae2cbcc2b7053576ed9ede1e22a7898ec",
    "https://deno.land/x/pairis@v0.1.0-a+1/src/uid.ts": "9bfee76da4c015c9937417a759b8aeaf315938da837cb1593d368233481ef7b0",
    "https://deno.land/x/pairis@v0.1.0-a+1/types.ts": "4a3d1edacdd73a38f10a87919746b91f23591597dce59816d9a5adf2bc5d9a5a",
    "https://esm.sh/@grammyjs/types@v2.7.0": "63710418d2e9802f35d062b8dd4c573320d15892774e345f53023e36fb712e7c"
  }
}
